
Microsoft Visual Studio Solution File, Format Version 12.00
# Visual Studio Version 16
VisualStudioVersion = 16.0.31829.152
MinimumVisualStudioVersion = 10.0.40219.1
Project("{FAE04EC0-301F-11D3-BF4B-00C04F79EFBC}") = "reqifviewer", "reqifviewer\reqifviewer.csproj", "{93C0D16C-C5C6-4905-924B-0967592EB6B5}"
EndProject
Global
	GlobalSection(SolutionConfigurationPlatforms) = preSolution
		Debug|Any CPU = Debug|Any CPU
		Release|Any CPU = Release|Any CPU
	EndGlobalSection
	GlobalSection(ProjectConfigurationPlatforms) = postSolution
		{93C0D16C-C5C6-4905-924B-0967592EB6B5}.Debug|Any CPU.ActiveCfg = Debug|Any CPU
		{93C0D16C-C5C6-4905-924B-0967592EB6B5}.Debug|Any CPU.Build.0 = Debug|Any CPU
		{93C0D16C-C5C6-4905-924B-0967592EB6B5}.Release|Any CPU.ActiveCfg = Release|Any CPU
		{93C0D16C-C5C6-4905-924B-0967592EB6B5}.Release|Any CPU.Build.0 = Release|Any CPU
	EndGlobalSection
	GlobalSection(SolutionProperties) = preSolution
		HideSolutionNode = FALSE
	EndGlobalSection
	GlobalSection(ExtensibilityGlobals) = postSolution
		SolutionGuid = {93EF5C50-3D83-4AFC-903B-25E99D3BE872}
	EndGlobalSection
EndGlobal
